{
  "version": "5",
  "specifiers": {
    "jsr:@logtape/logtape@^2.0.4": "2.0.4",
    "jsr:@std/assert@1": "1.0.19",
    "jsr:@std/internal@^1.0.12": "1.0.12",
    "npm:meow@^14.1.0": "14.1.0"
  },
  "jsr": {
    "@logtape/logtape@2.0.4": {
      "integrity": "d4b6e85d82954f3d58014d85e4c0f93d6a836181ef4fbb4a852da7ed47979acb"
    },
    "@std/assert@1.0.19": {
      "integrity": "eaada96ee120cb980bc47e040f82814d786fe8162ecc53c91d8df60b8755991e",
      "dependencies": [
        "jsr:@std/internal"
      ]
    },
    "@std/internal@1.0.12": {
      "integrity": "972a634fd5bc34b242024402972cd5143eac68d8dffaca5eaa4dba30ce17b027"
    }
  },
  "npm": {
    "meow@14.1.0": {
      "integrity": "sha512-EDYo6VlmtnumlcBCbh1gLJ//9jvM/ndXHfVXIFrZVr6fGcwTUyCTFNTLCKuY3ffbK8L/+3Mzqnd58RojiZqHVw=="
    }
  },
  "workspace": {
    "dependencies": [
      "jsr:@logtape/logtape@^2.0.4",
      "jsr:@std/assert@1",
      "npm:meow@^14.1.0"
    ]
  }
}
